// !$*UTF8*$!
{
	archiveVersion = 1;
	classes = {
	};
	objectVersion = 55;
	objects = {

/* Begin PBXBuildFile section */
		C31BF788272945F400E78463 /* AppDelegate.swift in Sources */ = {isa = PBXBuildFile; fileRef = C31BF787272945F400E78463 /* AppDelegate.swift */; };
		C31BF78A272945F400E78463 /* SceneDelegate.swift in Sources */ = {isa = PBXBuildFile; fileRef = C31BF789272945F400E78463 /* SceneDelegate.swift */; };
		C31BF78C272945F400E78463 /* LogInViewController.swift in Sources */ = {isa = PBXBuildFile; fileRef = C31BF78B272945F400E78463 /* LogInViewController.swift */; };
		C31BF78F272945F400E78463 /* Main.storyboard in Resources */ = {isa = PBXBuildFile; fileRef = C31BF78D272945F400E78463 /* Main.storyboard */; };
		C31BF791272945F500E78463 /* Assets.xcassets in Resources */ = {isa = PBXBuildFile; fileRef = C31BF790272945F500E78463 /* Assets.xcassets */; };
		C31BF794272945F500E78463 /* LaunchScreen.storyboard in Resources */ = {isa = PBXBuildFile; fileRef = C31BF792272945F500E78463 /* LaunchScreen.storyboard */; };
		C31BF79F272945F600E78463 /* MessengerTests.swift in Sources */ = {isa = PBXBuildFile; fileRef = C31BF79E272945F600E78463 /* MessengerTests.swift */; };
		C31BF7A9272945F600E78463 /* MessengerUITests.swift in Sources */ = {isa = PBXBuildFile; fileRef = C31BF7A8272945F600E78463 /* MessengerUITests.swift */; };
		C31BF7AB272945F600E78463 /* MessengerUITestsLaunchTests.swift in Sources */ = {isa = PBXBuildFile; fileRef = C31BF7AA272945F600E78463 /* MessengerUITestsLaunchTests.swift */; };
		C31BF7BE2729694000E78463 /* RegistrationViewController.swift in Sources */ = {isa = PBXBuildFile; fileRef = C31BF7BD2729694000E78463 /* RegistrationViewController.swift */; };
		C31BF7C12729698900E78463 /* ConversationsViewController.swift in Sources */ = {isa = PBXBuildFile; fileRef = C31BF7C02729698900E78463 /* ConversationsViewController.swift */; };
		C31BF7C3272969AA00E78463 /* ChatViewController.swift in Sources */ = {isa = PBXBuildFile; fileRef = C31BF7C2272969AA00E78463 /* ChatViewController.swift */; };
		C31BF7C6272969E700E78463 /* ProfileViewController.swift in Sources */ = {isa = PBXBuildFile; fileRef = C31BF7C5272969E700E78463 /* ProfileViewController.swift */; };
		C31BF7C827296AE800E78463 /* Extensions.swift in Sources */ = {isa = PBXBuildFile; fileRef = C31BF7C727296AE800E78463 /* Extensions.swift */; };
		C31BF7CA2729DBE500E78463 /* xcode fonts in Resources */ = {isa = PBXBuildFile; fileRef = C31BF7C92729DBE500E78463 /* xcode fonts */; };
		C31BF7CD272A019800E78463 /* FirebaseAuth in Frameworks */ = {isa = PBXBuildFile; productRef = C31BF7CC272A019800E78463 /* FirebaseAuth */; };
		C31BF7CF272A019800E78463 /* FirebaseDatabase in Frameworks */ = {isa = PBXBuildFile; productRef = C31BF7CE272A019800E78463 /* FirebaseDatabase */; };
		C31BF7D1272A019800E78463 /* FirebaseFirestore in Frameworks */ = {isa = PBXBuildFile; productRef = C31BF7D0272A019800E78463 /* FirebaseFirestore */; };
		C31BF7D3272A019800E78463 /* FirebaseStorage in Frameworks */ = {isa = PBXBuildFile; productRef = C31BF7D2272A019800E78463 /* FirebaseStorage */; };
		C3639F44272E7AEC0018710F /* GoogleService-Info.plist in Resources */ = {isa = PBXBuildFile; fileRef = C3639F43272E7AEC0018710F /* GoogleService-Info.plist */; };
		C3639F48272F1DDC0018710F /* DatabaseManager.swift in Sources */ = {isa = PBXBuildFile; fileRef = C3639F47272F1DDC0018710F /* DatabaseManager.swift */; };
		C3639F4B273041A40018710F /* MessageKit in Frameworks */ = {isa = PBXBuildFile; productRef = C3639F4A273041A40018710F /* MessageKit */; };
		C3639F4E2730432B0018710F /* JGProgressHUD in Frameworks */ = {isa = PBXBuildFile; productRef = C3639F4D2730432B0018710F /* JGProgressHUD */; };
		C3A83DE9273111140095C10F /* RealmSwift in Frameworks */ = {isa = PBXBuildFile; productRef = C3A83DE8273111140095C10F /* RealmSwift */; };
		C3A83DEC2731114A0095C10F /* SDWebImage in Frameworks */ = {isa = PBXBuildFile; productRef = C3A83DEB2731114A0095C10F /* SDWebImage */; };
		C3A83DEF273124920095C10F /* FacebookAEM in Frameworks */ = {isa = PBXBuildFile; productRef = C3A83DEE273124920095C10F /* FacebookAEM */; };
		C3A83DF1273124920095C10F /* FacebookBasics in Frameworks */ = {isa = PBXBuildFile; productRef = C3A83DF0273124920095C10F /* FacebookBasics */; };
		C3A83DF3273124920095C10F /* FacebookCore in Frameworks */ = {isa = PBXBuildFile; productRef = C3A83DF2273124920095C10F /* FacebookCore */; };
		C3A83DF5273124920095C10F /* FacebookLogin in Frameworks */ = {isa = PBXBuildFile; productRef = C3A83DF4273124920095C10F /* FacebookLogin */; };
		C3A83DF7273124920095C10F /* FacebookShare in Frameworks */ = {isa = PBXBuildFile; productRef = C3A83DF6273124920095C10F /* FacebookShare */; };
		C3A83DF9273280460095C10F /* chatCustomCell.swift in Sources */ = {isa = PBXBuildFile; fileRef = C3A83DF8273280460095C10F /* chatCustomCell.swift */; };
/* End PBXBuildFile section */

/* Begin PBXContainerItemProxy section */
		C31BF79B272945F600E78463 /* PBXContainerItemProxy */ = {
			isa = PBXContainerItemProxy;
			containerPortal = C31BF77C272945F400E78463 /* Project object */;
			proxyType = 1;
			remoteGlobalIDString = C31BF783272945F400E78463;
			remoteInfo = Messenger;
		};
		C31BF7A5272945F600E78463 /* PBXContainerItemProxy */ = {
			isa = PBXContainerItemProxy;
			containerPortal = C31BF77C272945F400E78463 /* Project object */;
			proxyType = 1;
			remoteGlobalIDString = C31BF783272945F400E78463;
			remoteInfo = Messenger;
		};
/* End PBXContainerItemProxy section */

/* Begin PBXFileReference section */
		C31BF784272945F400E78463 /* Messenger.app */ = {isa = PBXFileReference; explicitFileType = wrapper.application; includeInIndex = 0; path = Messenger.app; sourceTree = BUILT_PRODUCTS_DIR; };
		C31BF787272945F400E78463 /* AppDelegate.swift */ = {isa = PBXFileReference; lastKnownFileType = sourcecode.swift; path = AppDelegate.swift; sourceTree = "<group>"; };
		C31BF789272945F400E78463 /* SceneDelegate.swift */ = {isa = PBXFileReference; lastKnownFileType = sourcecode.swift; path = SceneDelegate.swift; sourceTree = "<group>"; };
		C31BF78B272945F400E78463 /* LogInViewController.swift */ = {isa = PBXFileReference; lastKnownFileType = sourcecode.swift; path = LogInViewController.swift; sourceTree = "<group>"; };
		C31BF78E272945F400E78463 /* Base */ = {isa = PBXFileReference; lastKnownFileType = file.storyboard; name = Base; path = Base.lproj/Main.storyboard; sourceTree = "<group>"; };
		C31BF790272945F500E78463 /* Assets.xcassets */ = {isa = PBXFileReference; lastKnownFileType = folder.assetcatalog; path = Assets.xcassets; sourceTree = "<group>"; };
		C31BF793272945F500E78463 /* Base */ = {isa = PBXFileReference; lastKnownFileType = file.storyboard; name = Base; path = Base.lproj/LaunchScreen.storyboard; sourceTree = "<group>"; };
		C31BF795272945F500E78463 /* Info.plist */ = {isa = PBXFileReference; lastKnownFileType = text.plist.xml; path = Info.plist; sourceTree = "<group>"; };
		C31BF79A272945F600E78463 /* MessengerTests.xctest */ = {isa = PBXFileReference; explicitFileType = wrapper.cfbundle; includeInIndex = 0; path = MessengerTests.xctest; sourceTree = BUILT_PRODUCTS_DIR; };
		C31BF79E272945F600E78463 /* MessengerTests.swift */ = {isa = PBXFileReference; lastKnownFileType = sourcecode.swift; path = MessengerTests.swift; sourceTree = "<group>"; };
		C31BF7A4272945F600E78463 /* MessengerUITests.xctest */ = {isa = PBXFileReference; explicitFileType = wrapper.cfbundle; includeInIndex = 0; path = MessengerUITests.xctest; sourceTree = BUILT_PRODUCTS_DIR; };
		C31BF7A8272945F600E78463 /* MessengerUITests.swift */ = {isa = PBXFileReference; lastKnownFileType = sourcecode.swift; path = MessengerUITests.swift; sourceTree = "<group>"; };
		C31BF7AA272945F600E78463 /* MessengerUITestsLaunchTests.swift */ = {isa = PBXFileReference; lastKnownFileType = sourcecode.swift; path = MessengerUITestsLaunchTests.swift; sourceTree = "<group>"; };
		C31BF7BD2729694000E78463 /* RegistrationViewController.swift */ = {isa = PBXFileReference; lastKnownFileType = sourcecode.swift; path = RegistrationViewController.swift; sourceTree = "<group>"; };
		C31BF7C02729698900E78463 /* ConversationsViewController.swift */ = {isa = PBXFileReference; lastKnownFileType = sourcecode.swift; path = ConversationsViewController.swift; sourceTree = "<group>"; };
		C31BF7C2272969AA00E78463 /* ChatViewController.swift */ = {isa = PBXFileReference; lastKnownFileType = sourcecode.swift; path = ChatViewController.swift; sourceTree = "<group>"; };
		C31BF7C5272969E700E78463 /* ProfileViewController.swift */ = {isa = PBXFileReference; lastKnownFileType = sourcecode.swift; path = ProfileViewController.swift; sourceTree = "<group>"; };
		C31BF7C727296AE800E78463 /* Extensions.swift */ = {isa = PBXFileReference; lastKnownFileType = sourcecode.swift; path = Extensions.swift; sourceTree = "<group>"; };
		C31BF7C92729DBE500E78463 /* xcode fonts */ = {isa = PBXFileReference; lastKnownFileType = folder; path = "xcode fonts"; sourceTree = "<group>"; };
		C3639F43272E7AEC0018710F /* GoogleService-Info.plist */ = {isa = PBXFileReference; fileEncoding = 4; lastKnownFileType = text.plist.xml; path = "GoogleService-Info.plist"; sourceTree = "<group>"; };
		C3639F47272F1DDC0018710F /* DatabaseManager.swift */ = {isa = PBXFileReference; lastKnownFileType = sourcecode.swift; path = DatabaseManager.swift; sourceTree = "<group>"; };
		C3A83DF8273280460095C10F /* chatCustomCell.swift */ = {isa = PBXFileReference; lastKnownFileType = sourcecode.swift; path = chatCustomCell.swift; sourceTree = "<group>"; };
/* End PBXFileReference section */

/* Begin PBXFrameworksBuildPhase section */
		C31BF781272945F400E78463 /* Frameworks */ = {
			isa = PBXFrameworksBuildPhase;
			buildActionMask = 2147483647;
			files = (
				C3A83DEF273124920095C10F /* FacebookAEM in Frameworks */,
				C31BF7CF272A019800E78463 /* FirebaseDatabase in Frameworks */,
				C31BF7D3272A019800E78463 /* FirebaseStorage in Frameworks */,
				C3A83DF7273124920095C10F /* FacebookShare in Frameworks */,
				C3A83DEC2731114A0095C10F /* SDWebImage in Frameworks */,
				C3A83DF3273124920095C10F /* FacebookCore in Frameworks */,
				C3A83DE9273111140095C10F /* RealmSwift in Frameworks */,
				C31BF7CD272A019800E78463 /* FirebaseAuth in Frameworks */,
				C31BF7D1272A019800E78463 /* FirebaseFirestore in Frameworks */,
				C3A83DF5273124920095C10F /* FacebookLogin in Frameworks */,
				C3A83DF1273124920095C10F /* FacebookBasics in Frameworks */,
				C3639F4E2730432B0018710F /* JGProgressHUD in Frameworks */,
				C3639F4B273041A40018710F /* MessageKit in Frameworks */,
			);
			runOnlyForDeploymentPostprocessing = 0;
		};
		C31BF797272945F600E78463 /* Frameworks */ = {
			isa = PBXFrameworksBuildPhase;
			buildActionMask = 2147483647;
			files = (
			);
			runOnlyForDeploymentPostprocessing = 0;
		};
		C31BF7A1272945F600E78463 /* Frameworks */ = {
			isa = PBXFrameworksBuildPhase;
			buildActionMask = 2147483647;
			files = (
			);
			runOnlyForDeploymentPostprocessing = 0;
		};
/* End PBXFrameworksBuildPhase section */

/* Begin PBXGroup section */
		C31BF77B272945F400E78463 = {
			isa = PBXGroup;
			children = (
				C31BF786272945F400E78463 /* Messenger */,
				C31BF79D272945F600E78463 /* MessengerTests */,
				C31BF7A7272945F600E78463 /* MessengerUITests */,
				C31BF785272945F400E78463 /* Products */,
			);
			sourceTree = "<group>";
		};
		C31BF785272945F400E78463 /* Products */ = {
			isa = PBXGroup;
			children = (
				C31BF784272945F400E78463 /* Messenger.app */,
				C31BF79A272945F600E78463 /* MessengerTests.xctest */,
				C31BF7A4272945F600E78463 /* MessengerUITests.xctest */,
			);
			name = Products;
			sourceTree = "<group>";
		};
		C31BF786272945F400E78463 /* Messenger */ = {
			isa = PBXGroup;
			children = (
				C31BF7C92729DBE500E78463 /* xcode fonts */,
				C3639F43272E7AEC0018710F /* GoogleService-Info.plist */,
				C31BF7C4272969CD00E78463 /* Profile */,
				C31BF7BB2729687000E78463 /* Controller */,
				C31BF7BA2729686200E78463 /* Models */,
				C31BF7B82729681700E78463 /* Views */,
				C31BF7B72729677600E78463 /* Resourses */,
				C31BF795272945F500E78463 /* Info.plist */,
			);
			path = Messenger;
			sourceTree = "<group>";
		};
		C31BF79D272945F600E78463 /* MessengerTests */ = {
			isa = PBXGroup;
			children = (
				C31BF79E272945F600E78463 /* MessengerTests.swift */,
			);
			path = MessengerTests;
			sourceTree = "<group>";
		};
		C31BF7A7272945F600E78463 /* MessengerUITests */ = {
			isa = PBXGroup;
			children = (
				C31BF7A8272945F600E78463 /* MessengerUITests.swift */,
				C31BF7AA272945F600E78463 /* MessengerUITestsLaunchTests.swift */,
			);
			path = MessengerUITests;
			sourceTree = "<group>";
		};
		C31BF7B72729677600E78463 /* Resourses */ = {
			isa = PBXGroup;
			children = (
				C31BF787272945F400E78463 /* AppDelegate.swift */,
				C31BF789272945F400E78463 /* SceneDelegate.swift */,
				C31BF7C727296AE800E78463 /* Extensions.swift */,
			);
			path = Resourses;
			sourceTree = "<group>";
		};
		C31BF7B82729681700E78463 /* Views */ = {
			isa = PBXGroup;
			children = (
				C31BF790272945F500E78463 /* Assets.xcassets */,
				C31BF7B92729682800E78463 /* Storyboards */,
			);
			path = Views;
			sourceTree = "<group>";
		};
		C31BF7B92729682800E78463 /* Storyboards */ = {
			isa = PBXGroup;
			children = (
				C31BF78D272945F400E78463 /* Main.storyboard */,
				C31BF792272945F500E78463 /* LaunchScreen.storyboard */,
			);
			path = Storyboards;
			sourceTree = "<group>";
		};
		C31BF7BA2729686200E78463 /* Models */ = {
			isa = PBXGroup;
			children = (
				C3639F47272F1DDC0018710F /* DatabaseManager.swift */,
			);
			path = Models;
			sourceTree = "<group>";
		};
		C31BF7BB2729687000E78463 /* Controller */ = {
			isa = PBXGroup;
			children = (
				C31BF7BF2729695E00E78463 /* Conversation */,
				C31BF7BC272968C200E78463 /* Authentication */,
			);
			path = Controller;
			sourceTree = "<group>";
		};
		C31BF7BC272968C200E78463 /* Authentication */ = {
			isa = PBXGroup;
			children = (
				C31BF78B272945F400E78463 /* LogInViewController.swift */,
				C31BF7BD2729694000E78463 /* RegistrationViewController.swift */,
			);
			path = Authentication;
			sourceTree = "<group>";
		};
		C31BF7BF2729695E00E78463 /* Conversation */ = {
			isa = PBXGroup;
			children = (
				C31BF7C02729698900E78463 /* ConversationsViewController.swift */,
				C31BF7C2272969AA00E78463 /* ChatViewController.swift */,
				C3A83DF8273280460095C10F /* chatCustomCell.swift */,
			);
			path = Conversation;
			sourceTree = "<group>";
		};
		C31BF7C4272969CD00E78463 /* Profile */ = {
			isa = PBXGroup;
			children = (
				C31BF7C5272969E700E78463 /* ProfileViewController.swift */,
			);
			path = Profile;
			sourceTree = "<group>";
		};
/* End PBXGroup section */

/* Begin PBXNativeTarget section */
		C31BF783272945F400E78463 /* Messenger */ = {
			isa = PBXNativeTarget;
			buildConfigurationList = C31BF7AE272945F600E78463 /* Build configuration list for PBXNativeTarget "Messenger" */;
			buildPhases = (
				C31BF780272945F400E78463 /* Sources */,
				C31BF781272945F400E78463 /* Frameworks */,
				C31BF782272945F400E78463 /* Resources */,
			);
			buildRules = (
			);
			dependencies = (
			);
			name = Messenger;
			packageProductDependencies = (
				C31BF7CC272A019800E78463 /* FirebaseAuth */,
				C31BF7CE272A019800E78463 /* FirebaseDatabase */,
				C31BF7D0272A019800E78463 /* FirebaseFirestore */,
				C31BF7D2272A019800E78463 /* FirebaseStorage */,
				C3639F4A273041A40018710F /* MessageKit */,
				C3639F4D2730432B0018710F /* JGProgressHUD */,
				C3A83DE8273111140095C10F /* RealmSwift */,
				C3A83DEB2731114A0095C10F /* SDWebImage */,
				C3A83DEE273124920095C10F /* FacebookAEM */,
				C3A83DF0273124920095C10F /* FacebookBasics */,
				C3A83DF2273124920095C10F /* FacebookCore */,
				C3A83DF4273124920095C10F /* FacebookLogin */,
				C3A83DF6273124920095C10F /* FacebookShare */,
			);
			productName = Messenger;
			productReference = C31BF784272945F400E78463 /* Messenger.app */;
			productType = "com.apple.product-type.application";
		};
		C31BF799272945F600E78463 /* MessengerTests */ = {
			isa = PBXNativeTarget;
			buildConfigurationList = C31BF7B1272945F600E78463 /* Build configuration list for PBXNativeTarget "MessengerTests" */;
			buildPhases = (
				C31BF796272945F600E78463 /* Sources */,
				C31BF797272945F600E78463 /* Frameworks */,
				C31BF798272945F600E78463 /* Resources */,
			);
			buildRules = (
			);
			dependencies = (
				C31BF79C272945F600E78463 /* PBXTargetDependency */,
			);
			name = MessengerTests;
			productName = MessengerTests;
			productReference = C31BF79A272945F600E78463 /* MessengerTests.xctest */;
			productType = "com.apple.product-type.bundle.unit-test";
		};
		C31BF7A3272945F600E78463 /* MessengerUITests */ = {
			isa = PBXNativeTarget;
			buildConfigurationList = C31BF7B4272945F600E78463 /* Build configuration list for PBXNativeTarget "MessengerUITests" */;
			buildPhases = (
				C31BF7A0272945F600E78463 /* Sources */,
				C31BF7A1272945F600E78463 /* Frameworks */,
				C31BF7A2272945F600E78463 /* Resources */,
			);
			buildRules = (
			);
			dependencies = (
				C31BF7A6272945F600E78463 /* PBXTargetDependency */,
			);
			name = MessengerUITests;
			productName = MessengerUITests;
			productReference = C31BF7A4272945F600E78463 /* MessengerUITests.xctest */;
			productType = "com.apple.product-type.bundle.ui-testing";
		};
/* End PBXNativeTarget section */

/* Begin PBXProject section */
		C31BF77C272945F400E78463 /* Project object */ = {
			isa = PBXProject;
			attributes = {
				BuildIndependentTargetsInParallel = 1;
				LastSwiftUpdateCheck = 1300;
				LastUpgradeCheck = 1300;
				TargetAttributes = {
					C31BF783272945F400E78463 = {
						CreatedOnToolsVersion = 13.0;
					};
					C31BF799272945F600E78463 = {
						CreatedOnToolsVersion = 13.0;
						TestTargetID = C31BF783272945F400E78463;
					};
					C31BF7A3272945F600E78463 = {
						CreatedOnToolsVersion = 13.0;
						TestTargetID = C31BF783272945F400E78463;
					};
				};
			};
			buildConfigurationList = C31BF77F272945F400E78463 /* Build configuration list for PBXProject "Messenger" */;
			compatibilityVersion = "Xcode 13.0";
			developmentRegion = en;
			hasScannedForEncodings = 0;
			knownRegions = (
				en,
				Base,
			);
			mainGroup = C31BF77B272945F400E78463;
			packageReferences = (
				C31BF7CB272A019800E78463 /* XCRemoteSwiftPackageReference "firebase-ios-sdk" */,
				C3639F49273041A30018710F /* XCRemoteSwiftPackageReference "MessageKit" */,
				C3639F4C2730432B0018710F /* XCRemoteSwiftPackageReference "JGProgressHUD" */,
				C3A83DE7273111140095C10F /* XCRemoteSwiftPackageReference "realm-cocoa" */,
				C3A83DEA2731114A0095C10F /* XCRemoteSwiftPackageReference "SDWebImage" */,
				C3A83DED273124920095C10F /* XCRemoteSwiftPackageReference "facebook-ios-sdk" */,
			);
			productRefGroup = C31BF785272945F400E78463 /* Products */;
			projectDirPath = "";
			projectRoot = "";
			targets = (
				C31BF783272945F400E78463 /* Messenger */,
				C31BF799272945F600E78463 /* MessengerTests */,
				C31BF7A3272945F600E78463 /* MessengerUITests */,
			);
		};
/* End PBXProject section */

/* Begin PBXResourcesBuildPhase section */
		C31BF782272945F400E78463 /* Resources */ = {
			isa = PBXResourcesBuildPhase;
			buildActionMask = 2147483647;
			files = (
				C31BF7CA2729DBE500E78463 /* xcode fonts in Resources */,
				C31BF794272945F500E78463 /* LaunchScreen.storyboard in Resources */,
				C3639F44272E7AEC0018710F /* GoogleService-Info.plist in Resources */,
				C31BF791272945F500E78463 /* Assets.xcassets in Resources */,
				C31BF78F272945F400E78463 /* Main.storyboard in Resources */,
			);
			runOnlyForDeploymentPostprocessing = 0;
		};
		C31BF798272945F600E78463 /* Resources */ = {
			isa = PBXResourcesBuildPhase;
			buildActionMask = 2147483647;
			files = (
			);
			runOnlyForDeploymentPostprocessing = 0;
		};
		C31BF7A2272945F600E78463 /* Resources */ = {
			isa = PBXResourcesBuildPhase;
			buildActionMask = 2147483647;
			files = (
			);
			runOnlyForDeploymentPostprocessing = 0;
		};
/* End PBXResourcesBuildPhase section */

/* Begin PBXSourcesBuildPhase section */
		C31BF780272945F400E78463 /* Sources */ = {
			isa = PBXSourcesBuildPhase;
			buildActionMask = 2147483647;
			files = (
				C3A83DF9273280460095C10F /* chatCustomCell.swift in Sources */,
				C31BF7C3272969AA00E78463 /* ChatViewController.swift in Sources */,
				C31BF78C272945F400E78463 /* LogInViewController.swift in Sources */,
				C3639F48272F1DDC0018710F /* DatabaseManager.swift in Sources */,
				C31BF788272945F400E78463 /* AppDelegate.swift in Sources */,
				C31BF7C827296AE800E78463 /* Extensions.swift in Sources */,
				C31BF7C12729698900E78463 /* ConversationsViewController.swift in Sources */,
				C31BF7C6272969E700E78463 /* ProfileViewController.swift in Sources */,
				C31BF7BE2729694000E78463 /* RegistrationViewController.swift in Sources */,
				C31BF78A272945F400E78463 /* SceneDelegate.swift in Sources */,
			);
			runOnlyForDeploymentPostprocessing = 0;
		};
		C31BF796272945F600E78463 /* Sources */ = {
			isa = PBXSourcesBuildPhase;
			buildActionMask = 2147483647;
			files = (
				C31BF79F272945F600E78463 /* MessengerTests.swift in Sources */,
			);
			runOnlyForDeploymentPostprocessing = 0;
		};
		C31BF7A0272945F600E78463 /* Sources */ = {
			isa = PBXSourcesBuildPhase;
			buildActionMask = 2147483647;
			files = (
				C31BF7AB272945F600E78463 /* MessengerUITestsLaunchTests.swift in Sources */,
				C31BF7A9272945F600E78463 /* MessengerUITests.swift in Sources */,
			);
			runOnlyForDeploymentPostprocessing = 0;
		};
/* End PBXSourcesBuildPhase section */

/* Begin PBXTargetDependency section */
		C31BF79C272945F600E78463 /* PBXTargetDependency */ = {
			isa = PBXTargetDependency;
			target = C31BF783272945F400E78463 /* Messenger */;
			targetProxy = C31BF79B272945F600E78463 /* PBXContainerItemProxy */;
		};
		C31BF7A6272945F600E78463 /* PBXTargetDependency */ = {
			isa = PBXTargetDependency;
			target = C31BF783272945F400E78463 /* Messenger */;
			targetProxy = C31BF7A5272945F600E78463 /* PBXContainerItemProxy */;
		};
/* End PBXTargetDependency section */

/* Begin PBXVariantGroup section */
		C31BF78D272945F400E78463 /* Main.storyboard */ = {
			isa = PBXVariantGroup;
			children = (
				C31BF78E272945F400E78463 /* Base */,
			);
			name = Main.storyboard;
			sourceTree = "<group>";
		};
		C31BF792272945F500E78463 /* LaunchScreen.storyboard */ = {
			isa = PBXVariantGroup;
			children = (
				C31BF793272945F500E78463 /* Base */,
			);
			name = LaunchScreen.storyboard;
			sourceTree = "<group>";
		};
/* End PBXVariantGroup section */

/* Begin XCBuildConfiguration section */
		C31BF7AC272945F600E78463 /* Debug */ = {
			isa = XCBuildConfiguration;
			buildSettings = {
				ALWAYS_SEARCH_USER_PATHS = NO;
				CLANG_ANALYZER_NONNULL = YES;
				CLANG_ANALYZER_NUMBER_OBJECT_CONVERSION = YES_AGGRESSIVE;
				CLANG_CXX_LANGUAGE_STANDARD = "gnu++17";
				CLANG_CXX_LIBRARY = "libc++";
				CLANG_ENABLE_MODULES = YES;
				CLANG_ENABLE_OBJC_ARC = YES;
				CLANG_ENABLE_OBJC_WEAK = YES;
				CLANG_WARN_BLOCK_CAPTURE_AUTORELEASING = YES;
				CLANG_WARN_BOOL_CONVERSION = YES;
				CLANG_WARN_COMMA = YES;
				CLANG_WARN_CONSTANT_CONVERSION = YES;
				CLANG_WARN_DEPRECATED_OBJC_IMPLEMENTATIONS = YES;
				CLANG_WARN_DIRECT_OBJC_ISA_USAGE = YES_ERROR;
				CLANG_WARN_DOCUMENTATION_COMMENTS = YES;
				CLANG_WARN_EMPTY_BODY = YES;
				CLANG_WARN_ENUM_CONVERSION = YES;
				CLANG_WARN_INFINITE_RECURSION = YES;
				CLANG_WARN_INT_CONVERSION = YES;
				CLANG_WARN_NON_LITERAL_NULL_CONVERSION = YES;
				CLANG_WARN_OBJC_IMPLICIT_RETAIN_SELF = YES;
				CLANG_WARN_OBJC_LITERAL_CONVERSION = YES;
				CLANG_WARN_OBJC_ROOT_CLASS = YES_ERROR;
				CLANG_WARN_QUOTED_INCLUDE_IN_FRAMEWORK_HEADER = YES;
				CLANG_WARN_RANGE_LOOP_ANALYSIS = YES;
				CLANG_WARN_STRICT_PROTOTYPES = YES;
				CLANG_WARN_SUSPICIOUS_MOVE = YES;
				CLANG_WARN_UNGUARDED_AVAILABILITY = YES_AGGRESSIVE;
				CLANG_WARN_UNREACHABLE_CODE = YES;
				CLANG_WARN__DUPLICATE_METHOD_MATCH = YES;
				COPY_PHASE_STRIP = NO;
				DEBUG_INFORMATION_FORMAT = dwarf;
				ENABLE_STRICT_OBJC_MSGSEND = YES;
				ENABLE_TESTABILITY = YES;
				GCC_C_LANGUAGE_STANDARD = gnu11;
				GCC_DYNAMIC_NO_PIC = NO;
				GCC_NO_COMMON_BLOCKS = YES;
				GCC_OPTIMIZATION_LEVEL = 0;
				GCC_PREPROCESSOR_DEFINITIONS = (
					"DEBUG=1",
					"$(inherited)",
				);
				GCC_WARN_64_TO_32_BIT_CONVERSION = YES;
				GCC_WARN_ABOUT_RETURN_TYPE = YES_ERROR;
				GCC_WARN_UNDECLARED_SELECTOR = YES;
				GCC_WARN_UNINITIALIZED_AUTOS = YES_AGGRESSIVE;
				GCC_WARN_UNUSED_FUNCTION = YES;
				GCC_WARN_UNUSED_VARIABLE = YES;
				IPHONEOS_DEPLOYMENT_TARGET = 15.0;
				MTL_ENABLE_DEBUG_INFO = INCLUDE_SOURCE;
				MTL_FAST_MATH = YES;
				ONLY_ACTIVE_ARCH = YES;
				SDKROOT = iphoneos;
				SWIFT_ACTIVE_COMPILATION_CONDITIONS = DEBUG;
				SWIFT_OPTIMIZATION_LEVEL = "-Onone";
			};
			name = Debug;
		};
		C31BF7AD272945F600E78463 /* Release */ = {
			isa = XCBuildConfiguration;
			buildSettings = {
				ALWAYS_SEARCH_USER_PATHS = NO;
				CLANG_ANALYZER_NONNULL = YES;
				CLANG_ANALYZER_NUMBER_OBJECT_CONVERSION = YES_AGGRESSIVE;
				CLANG_CXX_LANGUAGE_STANDARD = "gnu++17";
				CLANG_CXX_LIBRARY = "libc++";
				CLANG_ENABLE_MODULES = YES;
				CLANG_ENABLE_OBJC_ARC = YES;
				CLANG_ENABLE_OBJC_WEAK = YES;
				CLANG_WARN_BLOCK_CAPTURE_AUTORELEASING = YES;
				CLANG_WARN_BOOL_CONVERSION = YES;
				CLANG_WARN_COMMA = YES;
				CLANG_WARN_CONSTANT_CONVERSION = YES;
				CLANG_WARN_DEPRECATED_OBJC_IMPLEMENTATIONS = YES;
				CLANG_WARN_DIRECT_OBJC_ISA_USAGE = YES_ERROR;
				CLANG_WARN_DOCUMENTATION_COMMENTS = YES;
				CLANG_WARN_EMPTY_BODY = YES;
				CLANG_WARN_ENUM_CONVERSION = YES;
				CLANG_WARN_INFINITE_RECURSION = YES;
				CLANG_WARN_INT_CONVERSION = YES;
				CLANG_WARN_NON_LITERAL_NULL_CONVERSION = YES;
				CLANG_WARN_OBJC_IMPLICIT_RETAIN_SELF = YES;
				CLANG_WARN_OBJC_LITERAL_CONVERSION = YES;
				CLANG_WARN_OBJC_ROOT_CLASS = YES_ERROR;
				CLANG_WARN_QUOTED_INCLUDE_IN_FRAMEWORK_HEADER = YES;
				CLANG_WARN_RANGE_LOOP_ANALYSIS = YES;
				CLANG_WARN_STRICT_PROTOTYPES = YES;
				CLANG_WARN_SUSPICIOUS_MOVE = YES;
				CLANG_WARN_UNGUARDED_AVAILABILITY = YES_AGGRESSIVE;
				CLANG_WARN_UNREACHABLE_CODE = YES;
				CLANG_WARN__DUPLICATE_METHOD_MATCH = YES;
				COPY_PHASE_STRIP = NO;
				DEBUG_INFORMATION_FORMAT = "dwarf-with-dsym";
				ENABLE_NS_ASSERTIONS = NO;
				ENABLE_STRICT_OBJC_MSGSEND = YES;
				GCC_C_LANGUAGE_STANDARD = gnu11;
				GCC_NO_COMMON_BLOCKS = YES;
				GCC_WARN_64_TO_32_BIT_CONVERSION = YES;
				GCC_WARN_ABOUT_RETURN_TYPE = YES_ERROR;
				GCC_WARN_UNDECLARED_SELECTOR = YES;
				GCC_WARN_UNINITIALIZED_AUTOS = YES_AGGRESSIVE;
				GCC_WARN_UNUSED_FUNCTION = YES;
				GCC_WARN_UNUSED_VARIABLE = YES;
				IPHONEOS_DEPLOYMENT_TARGET = 15.0;
				MTL_ENABLE_DEBUG_INFO = NO;
				MTL_FAST_MATH = YES;
				SDKROOT = iphoneos;
				SWIFT_COMPILATION_MODE = wholemodule;
				SWIFT_OPTIMIZATION_LEVEL = "-O";
				VALIDATE_PRODUCT = YES;
			};
			name = Release;
		};
		C31BF7AF272945F600E78463 /* Debug */ = {
			isa = XCBuildConfiguration;
			buildSettings = {
				ASSETCATALOG_COMPILER_APPICON_NAME = AppIcon;
				ASSETCATALOG_COMPILER_GLOBAL_ACCENT_COLOR_NAME = AccentColor;
				CODE_SIGN_STYLE = Automatic;
				CURRENT_PROJECT_VERSION = 1;
				GENERATE_INFOPLIST_FILE = YES;
				INFOPLIST_FILE = Messenger/Info.plist;
				INFOPLIST_KEY_UIApplicationSupportsIndirectInputEvents = YES;
				INFOPLIST_KEY_UILaunchStoryboardName = LaunchScreen;
				INFOPLIST_KEY_UIMainStoryboardFile = Main;
				INFOPLIST_KEY_UISupportedInterfaceOrientations_iPad = "UIInterfaceOrientationPortrait UIInterfaceOrientationPortraitUpsideDown UIInterfaceOrientationLandscapeLeft UIInterfaceOrientationLandscapeRight";
				INFOPLIST_KEY_UISupportedInterfaceOrientations_iPhone = "UIInterfaceOrientationPortrait UIInterfaceOrientationLandscapeLeft UIInterfaceOrientationLandscapeRight";
				LD_RUNPATH_SEARCH_PATHS = (
					"$(inherited)",
					"@executable_path/Frameworks",
				);
				MARKETING_VERSION = 1.0;
				PRODUCT_BUNDLE_IDENTIFIER = com.Safaa.Messenger;
				PRODUCT_NAME = "$(TARGET_NAME)";
				SWIFT_EMIT_LOC_STRINGS = YES;
				SWIFT_VERSION = 5.0;
				TARGETED_DEVICE_FAMILY = "1,2";
			};
			name = Debug;
		};
		C31BF7B0272945F600E78463 /* Release */ = {
			isa = XCBuildConfiguration;
			buildSettings = {
				ASSETCATALOG_COMPILER_APPICON_NAME = AppIcon;
				ASSETCATALOG_COMPILER_GLOBAL_ACCENT_COLOR_NAME = AccentColor;
				CODE_SIGN_STYLE = Automatic;
				CURRENT_PROJECT_VERSION = 1;
				GENERATE_INFOPLIST_FILE = YES;
				INFOPLIST_FILE = Messenger/Info.plist;
				INFOPLIST_KEY_UIApplicationSupportsIndirectInputEvents = YES;
				INFOPLIST_KEY_UILaunchStoryboardName = LaunchScreen;
				INFOPLIST_KEY_UIMainStoryboardFile = Main;
				INFOPLIST_KEY_UISupportedInterfaceOrientations_iPad = "UIInterfaceOrientationPortrait UIInterfaceOrientationPortraitUpsideDown UIInterfaceOrientationLandscapeLeft UIInterfaceOrientationLandscapeRight";
				INFOPLIST_KEY_UISupportedInterfaceOrientations_iPhone = "UIInterfaceOrientationPortrait UIInterfaceOrientationLandscapeLeft UIInterfaceOrientationLandscapeRight";
				LD_RUNPATH_SEARCH_PATHS = (
					"$(inherited)",
					"@executable_path/Frameworks",
				);
				MARKETING_VERSION = 1.0;
				PRODUCT_BUNDLE_IDENTIFIER = com.Safaa.Messenger;
				PRODUCT_NAME = "$(TARGET_NAME)";
				SWIFT_EMIT_LOC_STRINGS = YES;
				SWIFT_VERSION = 5.0;
				TARGETED_DEVICE_FAMILY = "1,2";
			};
			name = Release;
		};
		C31BF7B2272945F600E78463 /* Debug */ = {
			isa = XCBuildConfiguration;
			buildSettings = {
				ALWAYS_EMBED_SWIFT_STANDARD_LIBRARIES = YES;
				BUNDLE_LOADER = "$(TEST_HOST)";
				CODE_SIGN_STYLE = Automatic;
				CURRENT_PROJECT_VERSION = 1;
				GENERATE_INFOPLIST_FILE = YES;
				IPHONEOS_DEPLOYMENT_TARGET = 15.0;
				LD_RUNPATH_SEARCH_PATHS = (
					"$(inherited)",
					"@executable_path/Frameworks",
					"@loader_path/Frameworks",
				);
				MARKETING_VERSION = 1.0;
				PRODUCT_BUNDLE_IDENTIFIER = Messenger.MessengerTests;
				PRODUCT_NAME = "$(TARGET_NAME)";
				SWIFT_EMIT_LOC_STRINGS = NO;
				SWIFT_VERSION = 5.0;
				TARGETED_DEVICE_FAMILY = "1,2";
				TEST_HOST = "$(BUILT_PRODUCTS_DIR)/Messenger.app/Messenger";
			};
			name = Debug;
		};
		C31BF7B3272945F600E78463 /* Release */ = {
			isa = XCBuildConfiguration;
			buildSettings = {
				ALWAYS_EMBED_SWIFT_STANDARD_LIBRARIES = YES;
				BUNDLE_LOADER = "$(TEST_HOST)";
				CODE_SIGN_STYLE = Automatic;
				CURRENT_PROJECT_VERSION = 1;
				GENERATE_INFOPLIST_FILE = YES;
				IPHONEOS_DEPLOYMENT_TARGET = 15.0;
				LD_RUNPATH_SEARCH_PATHS = (
					"$(inherited)",
					"@executable_path/Frameworks",
					"@loader_path/Frameworks",
				);
				MARKETING_VERSION = 1.0;
				PRODUCT_BUNDLE_IDENTIFIER = Messenger.MessengerTests;
				PRODUCT_NAME = "$(TARGET_NAME)";
				SWIFT_EMIT_LOC_STRINGS = NO;
				SWIFT_VERSION = 5.0;
				TARGETED_DEVICE_FAMILY = "1,2";
				TEST_HOST = "$(BUILT_PRODUCTS_DIR)/Messenger.app/Messenger";
			};
			name = Release;
		};
		C31BF7B5272945F600E78463 /* Debug */ = {
			isa = XCBuildConfiguration;
			buildSettings = {
				ALWAYS_EMBED_SWIFT_STANDARD_LIBRARIES = YES;
				CODE_SIGN_STYLE = Automatic;
				CURRENT_PROJECT_VERSION = 1;
				GENERATE_INFOPLIST_FILE = YES;
				LD_RUNPATH_SEARCH_PATHS = (
					"$(inherited)",
					"@executable_path/Frameworks",
					"@loader_path/Frameworks",
				);
				MARKETING_VERSION = 1.0;
				PRODUCT_BUNDLE_IDENTIFIER = Messenger.MessengerUITests;
				PRODUCT_NAME = "$(TARGET_NAME)";
				SWIFT_EMIT_LOC_STRINGS = NO;
				SWIFT_VERSION = 5.0;
				TARGETED_DEVICE_FAMILY = "1,2";
				TEST_TARGET_NAME = Messenger;
			};
			name = Debug;
		};
		C31BF7B6272945F600E78463 /* Release */ = {
			isa = XCBuildConfiguration;
			buildSettings = {
				ALWAYS_EMBED_SWIFT_STANDARD_LIBRARIES = YES;
				CODE_SIGN_STYLE = Automatic;
				CURRENT_PROJECT_VERSION = 1;
				GENERATE_INFOPLIST_FILE = YES;
				LD_RUNPATH_SEARCH_PATHS = (
					"$(inherited)",
					"@executable_path/Frameworks",
					"@loader_path/Frameworks",
				);
				MARKETING_VERSION = 1.0;
				PRODUCT_BUNDLE_IDENTIFIER = Messenger.MessengerUITests;
				PRODUCT_NAME = "$(TARGET_NAME)";
				SWIFT_EMIT_LOC_STRINGS = NO;
				SWIFT_VERSION = 5.0;
				TARGETED_DEVICE_FAMILY = "1,2";
				TEST_TARGET_NAME = Messenger;
			};
			name = Release;
		};
/* End XCBuildConfiguration section */

/* Begin XCConfigurationList section */
		C31BF77F272945F400E78463 /* Build configuration list for PBXProject "Messenger" */ = {
			isa = XCConfigurationList;
			buildConfigurations = (
				C31BF7AC272945F600E78463 /* Debug */,
				C31BF7AD272945F600E78463 /* Release */,
			);
			defaultConfigurationIsVisible = 0;
			defaultConfigurationName = Release;
		};
		C31BF7AE272945F600E78463 /* Build configuration list for PBXNativeTarget "Messenger" */ = {
			isa = XCConfigurationList;
			buildConfigurations = (
				C31BF7AF272945F600E78463 /* Debug */,
				C31BF7B0272945F600E78463 /* Release */,
			);
			defaultConfigurationIsVisible = 0;
			defaultConfigurationName = Release;
		};
		C31BF7B1272945F600E78463 /* Build configuration list for PBXNativeTarget "MessengerTests" */ = {
			isa = XCConfigurationList;
			buildConfigurations = (
				C31BF7B2272945F600E78463 /* Debug */,
				C31BF7B3272945F600E78463 /* Release */,
			);
			defaultConfigurationIsVisible = 0;
			defaultConfigurationName = Release;
		};
		C31BF7B4272945F600E78463 /* Build configuration list for PBXNativeTarget "MessengerUITests" */ = {
			isa = XCConfigurationList;
			buildConfigurations = (
				C31BF7B5272945F600E78463 /* Debug */,
				C31BF7B6272945F600E78463 /* Release */,
			);
			defaultConfigurationIsVisible = 0;
			defaultConfigurationName = Release;
		};
/* End XCConfigurationList section */

/* Begin XCRemoteSwiftPackageReference section */
		C31BF7CB272A019800E78463 /* XCRemoteSwiftPackageReference "firebase-ios-sdk" */ = {
			isa = XCRemoteSwiftPackageReference;
			repositoryURL = "https://github.com/firebase/firebase-ios-sdk";
			requirement = {
				kind = upToNextMajorVersion;
				minimumVersion = 8.0.0;
			};
		};
		C3639F49273041A30018710F /* XCRemoteSwiftPackageReference "MessageKit" */ = {
			isa = XCRemoteSwiftPackageReference;
			repositoryURL = "https://github.com/MessageKit/MessageKit";
			requirement = {
				kind = upToNextMajorVersion;
				minimumVersion = 3.0.0;
			};
		};
		C3639F4C2730432B0018710F /* XCRemoteSwiftPackageReference "JGProgressHUD" */ = {
			isa = XCRemoteSwiftPackageReference;
			repositoryURL = "https://github.com/JonasGessner/JGProgressHUD";
			requirement = {
				kind = upToNextMajorVersion;
				minimumVersion = 2.0.0;
			};
		};
		C3A83DE7273111140095C10F /* XCRemoteSwiftPackageReference "realm-cocoa" */ = {
			isa = XCRemoteSwiftPackageReference;
			repositoryURL = "https://github.com/realm/realm-cocoa";
			requirement = {
				branch = master;
				kind = branch;
			};
		};
		C3A83DEA2731114A0095C10F /* XCRemoteSwiftPackageReference "SDWebImage" */ = {
			isa = XCRemoteSwiftPackageReference;
			repositoryURL = "https://github.com/SDWebImage/SDWebImage";
			requirement = {
				branch = master;
				kind = branch;
			};
		};
		C3A83DED273124920095C10F /* XCRemoteSwiftPackageReference "facebook-ios-sdk" */ = {
			isa = XCRemoteSwiftPackageReference;
			repositoryURL = "https://github.com/facebook/facebook-ios-sdk";
			requirement = {
				branch = main;
				kind = branch;
			};
		};
/* End XCRemoteSwiftPackageReference section */

/* Begin XCSwiftPackageProductDependency section */
		C31BF7CC272A019800E78463 /* FirebaseAuth */ = {
			isa = XCSwiftPackageProductDependency;
			package = C31BF7CB272A019800E78463 /* XCRemoteSwiftPackageReference "firebase-ios-sdk" */;
			productName = FirebaseAuth;
		};
		C31BF7CE272A019800E78463 /* FirebaseDatabase */ = {
			isa = XCSwiftPackageProductDependency;
			package = C31BF7CB272A019800E78463 /* XCRemoteSwiftPackageReference "firebase-ios-sdk" */;
			productName = FirebaseDatabase;
		};
		C31BF7D0272A019800E78463 /* FirebaseFirestore */ = {
			isa = XCSwiftPackageProductDependency;
			package = C31BF7CB272A019800E78463 /* XCRemoteSwiftPackageReference "firebase-ios-sdk" */;
			productName = FirebaseFirestore;
		};
		C31BF7D2272A019800E78463 /* FirebaseStorage */ = {
			isa = XCSwiftPackageProductDependency;
			package = C31BF7CB272A019800E78463 /* XCRemoteSwiftPackageReference "firebase-ios-sdk" */;
			productName = FirebaseStorage;
		};
		C3639F4A273041A40018710F /* MessageKit */ = {
			isa = XCSwiftPackageProductDependency;
			package = C3639F49273041A30018710F /* XCRemoteSwiftPackageReference "MessageKit" */;
			productName = MessageKit;
		};
		C3639F4D2730432B0018710F /* JGProgressHUD */ = {
			isa = XCSwiftPackageProductDependency;
			package = C3639F4C2730432B0018710F /* XCRemoteSwiftPackageReference "JGProgressHUD" */;
			productName = JGProgressHUD;
		};
		C3A83DE8273111140095C10F /* RealmSwift */ = {
			isa = XCSwiftPackageProductDependency;
			package = C3A83DE7273111140095C10F /* XCRemoteSwiftPackageReference "realm-cocoa" */;
			productName = RealmSwift;
		};
		C3A83DEB2731114A0095C10F /* SDWebImage */ = {
			isa = XCSwiftPackageProductDependency;
			package = C3A83DEA2731114A0095C10F /* XCRemoteSwiftPackageReference "SDWebImage" */;
			productName = SDWebImage;
		};
		C3A83DEE273124920095C10F /* FacebookAEM */ = {
			isa = XCSwiftPackageProductDependency;
			package = C3A83DED273124920095C10F /* XCRemoteSwiftPackageReference "facebook-ios-sdk" */;
			productName = FacebookAEM;
		};
		C3A83DF0273124920095C10F /* FacebookBasics */ = {
			isa = XCSwiftPackageProductDependency;
			package = C3A83DED273124920095C10F /* XCRemoteSwiftPackageReference "facebook-ios-sdk" */;
			productName = FacebookBasics;
		};
		C3A83DF2273124920095C10F /* FacebookCore */ = {
			isa = XCSwiftPackageProductDependency;
			package = C3A83DED273124920095C10F /* XCRemoteSwiftPackageReference "facebook-ios-sdk" */;
			productName = FacebookCore;
		};
		C3A83DF4273124920095C10F /* FacebookLogin */ = {
			isa = XCSwiftPackageProductDependency;
			package = C3A83DED273124920095C10F /* XCRemoteSwiftPackageReference "facebook-ios-sdk" */;
			productName = FacebookLogin;
		};
		C3A83DF6273124920095C10F /* FacebookShare */ = {
			isa = XCSwiftPackageProductDependency;
			package = C3A83DED273124920095C10F /* XCRemoteSwiftPackageReference "facebook-ios-sdk" */;
			productName = FacebookShare;
		};
/* End XCSwiftPackageProductDependency section */
	};
	rootObject = C31BF77C272945F400E78463 /* Project object */;
}
